
Microsoft Visual Studio Solution File, Format Version 12.00
# Visual Studio Version 17
VisualStudioVersion = 17.5.33530.505
MinimumVisualStudioVersion = 10.0.40219.1
Project("{FAE04EC0-301F-11D3-BF4B-00C04F79EFBC}") = "BookStore.BookStoreApi.Domain", "BookStore.BookStoreApi.Domain\BookStore.BookStoreApi.Domain.csproj", "{48965653-C703-435F-B250-A6D8C1575FDB}"
EndProject
Project("{FAE04EC0-301F-11D3-BF4B-00C04F79EFBC}") = "BookStore.BookStoreApi.Infra.Data", "BookStore.BookStoreApi.Infra.Data\BookStore.BookStoreApi.Infra.Data.csproj", "{718BE0B6-1733-4D2E-9921-ECBB05803CC5}"
EndProject
Project("{FAE04EC0-301F-11D3-BF4B-00C04F79EFBC}") = "BookStore.BookStoreApi.Application", "BookStore.BookStoreApi.Application\BookStore.BookStoreApi.Application.csproj", "{8300B98F-58D0-46F3-94AB-EE165BF4029D}"
EndProject
Project("{FAE04EC0-301F-11D3-BF4B-00C04F79EFBC}") = "BookStore.BookStoreApi.Infra.IoC", "BookStore.BookStoreApi.Infra.IoC\BookStore.BookStoreApi.Infra.IoC.csproj", "{A35034C6-48C0-4408-8488-240D76EE431B}"
EndProject
Project("{FAE04EC0-301F-11D3-BF4B-00C04F79EFBC}") = "BookStore.BookStoreApi.Api", "BookStore.BookStoreApi.Api\BookStore.BookStoreApi.Api.csproj", "{F4ABDA82-004A-4F35-BFE8-56B1A34B403C}"
EndProject
Global
	GlobalSection(SolutionConfigurationPlatforms) = preSolution
		Debug|Any CPU = Debug|Any CPU
		Release|Any CPU = Release|Any CPU
	EndGlobalSection
	GlobalSection(ProjectConfigurationPlatforms) = postSolution
		{48965653-C703-435F-B250-A6D8C1575FDB}.Debug|Any CPU.ActiveCfg = Debug|Any CPU
		{48965653-C703-435F-B250-A6D8C1575FDB}.Debug|Any CPU.Build.0 = Debug|Any CPU
		{48965653-C703-435F-B250-A6D8C1575FDB}.Release|Any CPU.ActiveCfg = Release|Any CPU
		{48965653-C703-435F-B250-A6D8C1575FDB}.Release|Any CPU.Build.0 = Release|Any CPU
		{718BE0B6-1733-4D2E-9921-ECBB05803CC5}.Debug|Any CPU.ActiveCfg = Debug|Any CPU
		{718BE0B6-1733-4D2E-9921-ECBB05803CC5}.Debug|Any CPU.Build.0 = Debug|Any CPU
		{718BE0B6-1733-4D2E-9921-ECBB05803CC5}.Release|Any CPU.ActiveCfg = Release|Any CPU
		{718BE0B6-1733-4D2E-9921-ECBB05803CC5}.Release|Any CPU.Build.0 = Release|Any CPU
		{8300B98F-58D0-46F3-94AB-EE165BF4029D}.Debug|Any CPU.ActiveCfg = Debug|Any CPU
		{8300B98F-58D0-46F3-94AB-EE165BF4029D}.Debug|Any CPU.Build.0 = Debug|Any CPU
		{8300B98F-58D0-46F3-94AB-EE165BF4029D}.Release|Any CPU.ActiveCfg = Release|Any CPU
		{8300B98F-58D0-46F3-94AB-EE165BF4029D}.Release|Any CPU.Build.0 = Release|Any CPU
		{A35034C6-48C0-4408-8488-240D76EE431B}.Debug|Any CPU.ActiveCfg = Debug|Any CPU
		{A35034C6-48C0-4408-8488-240D76EE431B}.Debug|Any CPU.Build.0 = Debug|Any CPU
		{A35034C6-48C0-4408-8488-240D76EE431B}.Release|Any CPU.ActiveCfg = Release|Any CPU
		{A35034C6-48C0-4408-8488-240D76EE431B}.Release|Any CPU.Build.0 = Release|Any CPU
		{F4ABDA82-004A-4F35-BFE8-56B1A34B403C}.Debug|Any CPU.ActiveCfg = Debug|Any CPU
		{F4ABDA82-004A-4F35-BFE8-56B1A34B403C}.Debug|Any CPU.Build.0 = Debug|Any CPU
		{F4ABDA82-004A-4F35-BFE8-56B1A34B403C}.Release|Any CPU.ActiveCfg = Release|Any CPU
		{F4ABDA82-004A-4F35-BFE8-56B1A34B403C}.Release|Any CPU.Build.0 = Release|Any CPU
	EndGlobalSection
	GlobalSection(SolutionProperties) = preSolution
		HideSolutionNode = FALSE
	EndGlobalSection
	GlobalSection(ExtensibilityGlobals) = postSolution
		SolutionGuid = {0D146210-D0D3-4C2F-AC39-182B7C6A0C6A}
	EndGlobalSection
EndGlobal
